
Microsoft Visual Studio Solution File, Format Version 12.00
# Visual Studio Version 17
VisualStudioVersion = 17.9.34723.18
MinimumVisualStudioVersion = 10.0.40219.1
Project("{9A19103F-16F7-4668-BE54-9A1E7A4F7556}") = "CleanArchitecture.Domain", "CleanArchitecture.Domain\CleanArchitecture.Domain.csproj", "{04428EDF-D034-4174-9131-83812B8DB623}"
EndProject
Project("{9A19103F-16F7-4668-BE54-9A1E7A4F7556}") = "CleanArchitecture.Application", "CleanArchitecture.Application\CleanArchitecture.Application.csproj", "{544ACD21-8F9F-4E4B-9A97-559275AA93EC}"
EndProject
Project("{9A19103F-16F7-4668-BE54-9A1E7A4F7556}") = "CleanArchitecture.Infra.Data", "CleanArchitecture.Infra.Data\CleanArchitecture.Infra.Data.csproj", "{52BD4139-131D-4095-ADAB-5406CB6728A9}"
EndProject
Project("{9A19103F-16F7-4668-BE54-9A1E7A4F7556}") = "CleanArchitecture.Infra.IoC", "CleanArchitecture.Infra.IoC\CleanArchitecture.Infra.IoC.csproj", "{505EC0DF-5B53-4175-B0DA-BFE94C180C2C}"
EndProject
Project("{9A19103F-16F7-4668-BE54-9A1E7A4F7556}") = "CleanArchitecture.API", "CleanArchitecture.API\CleanArchitecture.API.csproj", "{011F5E48-FE3A-4B0E-BF84-A0F3D2818F01}"
EndProject
Global
	GlobalSection(SolutionConfigurationPlatforms) = preSolution
		Debug|Any CPU = Debug|Any CPU
		Release|Any CPU = Release|Any CPU
	EndGlobalSection
	GlobalSection(ProjectConfigurationPlatforms) = postSolution
		{04428EDF-D034-4174-9131-83812B8DB623}.Debug|Any CPU.ActiveCfg = Debug|Any CPU
		{04428EDF-D034-4174-9131-83812B8DB623}.Debug|Any CPU.Build.0 = Debug|Any CPU
		{04428EDF-D034-4174-9131-83812B8DB623}.Release|Any CPU.ActiveCfg = Release|Any CPU
		{04428EDF-D034-4174-9131-83812B8DB623}.Release|Any CPU.Build.0 = Release|Any CPU
		{544ACD21-8F9F-4E4B-9A97-559275AA93EC}.Debug|Any CPU.ActiveCfg = Debug|Any CPU
		{544ACD21-8F9F-4E4B-9A97-559275AA93EC}.Debug|Any CPU.Build.0 = Debug|Any CPU
		{544ACD21-8F9F-4E4B-9A97-559275AA93EC}.Release|Any CPU.ActiveCfg = Release|Any CPU
		{544ACD21-8F9F-4E4B-9A97-559275AA93EC}.Release|Any CPU.Build.0 = Release|Any CPU
		{52BD4139-131D-4095-ADAB-5406CB6728A9}.Debug|Any CPU.ActiveCfg = Debug|Any CPU
		{52BD4139-131D-4095-ADAB-5406CB6728A9}.Debug|Any CPU.Build.0 = Debug|Any CPU
		{52BD4139-131D-4095-ADAB-5406CB6728A9}.Release|Any CPU.ActiveCfg = Release|Any CPU
		{52BD4139-131D-4095-ADAB-5406CB6728A9}.Release|Any CPU.Build.0 = Release|Any CPU
		{505EC0DF-5B53-4175-B0DA-BFE94C180C2C}.Debug|Any CPU.ActiveCfg = Debug|Any CPU
		{505EC0DF-5B53-4175-B0DA-BFE94C180C2C}.Debug|Any CPU.Build.0 = Debug|Any CPU
		{505EC0DF-5B53-4175-B0DA-BFE94C180C2C}.Release|Any CPU.ActiveCfg = Release|Any CPU
		{505EC0DF-5B53-4175-B0DA-BFE94C180C2C}.Release|Any CPU.Build.0 = Release|Any CPU
		{011F5E48-FE3A-4B0E-BF84-A0F3D2818F01}.Debug|Any CPU.ActiveCfg = Debug|Any CPU
		{011F5E48-FE3A-4B0E-BF84-A0F3D2818F01}.Debug|Any CPU.Build.0 = Debug|Any CPU
		{011F5E48-FE3A-4B0E-BF84-A0F3D2818F01}.Release|Any CPU.ActiveCfg = Release|Any CPU
		{011F5E48-FE3A-4B0E-BF84-A0F3D2818F01}.Release|Any CPU.Build.0 = Release|Any CPU
	EndGlobalSection
	GlobalSection(SolutionProperties) = preSolution
		HideSolutionNode = FALSE
	EndGlobalSection
	GlobalSection(ExtensibilityGlobals) = postSolution
		SolutionGuid = {E7803BD4-6EF9-452C-99AA-EFC9AB25F871}
	EndGlobalSection
EndGlobal
